// !$*UTF8*$!
{
	archiveVersion = 1;
	classes = {
	};
	objectVersion = 46;
	objects = {

/* Begin PBXBuildFile section */
		4908F6CD1A2E30180009883C /* main.m in Sources */ = {isa = PBXBuildFile; fileRef = 4908F6CC1A2E30180009883C /* main.m */; };
		4908F6D01A2E30180009883C /* AppDelegate.m in Sources */ = {isa = PBXBuildFile; fileRef = 4908F6CF1A2E30180009883C /* AppDelegate.m */; };
		4908F6D31A2E30180009883C /* ViewController.m in Sources */ = {isa = PBXBuildFile; fileRef = 4908F6D21A2E30180009883C /* ViewController.m */; };
		4908F6D61A2E30180009883C /* Main.storyboard in Resources */ = {isa = PBXBuildFile; fileRef = 4908F6D41A2E30180009883C /* Main.storyboard */; };
		4908F6D81A2E30180009883C /* Images.xcassets in Resources */ = {isa = PBXBuildFile; fileRef = 4908F6D71A2E30180009883C /* Images.xcassets */; };
		4908F6DB1A2E30180009883C /* LaunchScreen.xib in Resources */ = {isa = PBXBuildFile; fileRef = 4908F6D91A2E30180009883C /* LaunchScreen.xib */; };
		4908F6E71A2E30180009883C /* ImageViewAnimationTests.m in Sources */ = {isa = PBXBuildFile; fileRef = 4908F6E61A2E30180009883C /* ImageViewAnimationTests.m */; };
		4923246B1A2FCFBE0081128F /* UIImageView+Animation.m in Sources */ = {isa = PBXBuildFile; fileRef = 4923246A1A2FCFBE0081128F /* UIImageView+Animation.m */; };
		4990EC551A2FB0E2002EF216 /* MKAnnotationView+WebCache.m in Sources */ = {isa = PBXBuildFile; fileRef = 4990EC351A2FB0E2002EF216 /* MKAnnotationView+WebCache.m */; };
		4990EC561A2FB0E2002EF216 /* NSData+ImageContentType.m in Sources */ = {isa = PBXBuildFile; fileRef = 4990EC371A2FB0E2002EF216 /* NSData+ImageContentType.m */; };
		4990EC571A2FB0E2002EF216 /* SDImageCache.m in Sources */ = {isa = PBXBuildFile; fileRef = 4990EC391A2FB0E2002EF216 /* SDImageCache.m */; };
		4990EC581A2FB0E2002EF216 /* SDWebImageCompat.m in Sources */ = {isa = PBXBuildFile; fileRef = 4990EC3B1A2FB0E2002EF216 /* SDWebImageCompat.m */; };
		4990EC591A2FB0E2002EF216 /* SDWebImageDecoder.m in Sources */ = {isa = PBXBuildFile; fileRef = 4990EC3D1A2FB0E2002EF216 /* SDWebImageDecoder.m */; };
		4990EC5A1A2FB0E2002EF216 /* SDWebImageDownloader.m in Sources */ = {isa = PBXBuildFile; fileRef = 4990EC3F1A2FB0E2002EF216 /* SDWebImageDownloader.m */; };
		4990EC5B1A2FB0E2002EF216 /* SDWebImageDownloaderOperation.m in Sources */ = {isa = PBXBuildFile; fileRef = 4990EC411A2FB0E2002EF216 /* SDWebImageDownloaderOperation.m */; };
		4990EC5C1A2FB0E2002EF216 /* SDWebImageManager.m in Sources */ = {isa = PBXBuildFile; fileRef = 4990EC431A2FB0E2002EF216 /* SDWebImageManager.m */; };
		4990EC5D1A2FB0E2002EF216 /* SDWebImagePrefetcher.m in Sources */ = {isa = PBXBuildFile; fileRef = 4990EC461A2FB0E2002EF216 /* SDWebImagePrefetcher.m */; };
		4990EC5E1A2FB0E2002EF216 /* UIButton+WebCache.m in Sources */ = {isa = PBXBuildFile; fileRef = 4990EC481A2FB0E2002EF216 /* UIButton+WebCache.m */; };
		4990EC5F1A2FB0E2002EF216 /* UIImage+GIF.m in Sources */ = {isa = PBXBuildFile; fileRef = 4990EC4A1A2FB0E2002EF216 /* UIImage+GIF.m */; };
		4990EC601A2FB0E2002EF216 /* UIImage+MultiFormat.m in Sources */ = {isa = PBXBuildFile; fileRef = 4990EC4C1A2FB0E2002EF216 /* UIImage+MultiFormat.m */; };
		4990EC611A2FB0E2002EF216 /* UIImage+WebP.m in Sources */ = {isa = PBXBuildFile; fileRef = 4990EC4E1A2FB0E2002EF216 /* UIImage+WebP.m */; };
		4990EC621A2FB0E2002EF216 /* UIImageView+HighlightedWebCache.m in Sources */ = {isa = PBXBuildFile; fileRef = 4990EC501A2FB0E2002EF216 /* UIImageView+HighlightedWebCache.m */; };
		4990EC631A2FB0E2002EF216 /* UIImageView+WebCache.m in Sources */ = {isa = PBXBuildFile; fileRef = 4990EC521A2FB0E2002EF216 /* UIImageView+WebCache.m */; };
		4990EC641A2FB0E2002EF216 /* UIView+WebCacheOperation.m in Sources */ = {isa = PBXBuildFile; fileRef = 4990EC541A2FB0E2002EF216 /* UIView+WebCacheOperation.m */; };
/* End PBXBuildFile section */

/* Begin PBXContainerItemProxy section */
		4908F6E11A2E30180009883C /* PBXContainerItemProxy */ = {
			isa = PBXContainerItemProxy;
			containerPortal = 4908F6BF1A2E30170009883C /* Project object */;
			proxyType = 1;
			remoteGlobalIDString = 4908F6C61A2E30180009883C;
			remoteInfo = ImageViewAnimation;
		};
/* End PBXContainerItemProxy section */

/* Begin PBXFileReference section */
		4908F6C71A2E30180009883C /* ImageViewAnimation.app */ = {isa = PBXFileReference; explicitFileType = wrapper.application; includeInIndex = 0; path = ImageViewAnimation.app; sourceTree = BUILT_PRODUCTS_DIR; };
		4908F6CB1A2E30180009883C /* Info.plist */ = {isa = PBXFileReference; lastKnownFileType = text.plist.xml; path = Info.plist; sourceTree = "<group>"; };
		4908F6CC1A2E30180009883C /* main.m */ = {isa = PBXFileReference; lastKnownFileType = sourcecode.c.objc; path = main.m; sourceTree = "<group>"; };
		4908F6CE1A2E30180009883C /* AppDelegate.h */ = {isa = PBXFileReference; lastKnownFileType = sourcecode.c.h; path = AppDelegate.h; sourceTree = "<group>"; };
		4908F6CF1A2E30180009883C /* AppDelegate.m */ = {isa = PBXFileReference; lastKnownFileType = sourcecode.c.objc; path = AppDelegate.m; sourceTree = "<group>"; };
		4908F6D11A2E30180009883C /* ViewController.h */ = {isa = PBXFileReference; lastKnownFileType = sourcecode.c.h; path = ViewController.h; sourceTree = "<group>"; };
		4908F6D21A2E30180009883C /* ViewController.m */ = {isa = PBXFileReference; lastKnownFileType = sourcecode.c.objc; path = ViewController.m; sourceTree = "<group>"; };
		4908F6D51A2E30180009883C /* Base */ = {isa = PBXFileReference; lastKnownFileType = file.storyboard; name = Base; path = Base.lproj/Main.storyboard; sourceTree = "<group>"; };
		4908F6D71A2E30180009883C /* Images.xcassets */ = {isa = PBXFileReference; lastKnownFileType = folder.assetcatalog; path = Images.xcassets; sourceTree = "<group>"; };
		4908F6DA1A2E30180009883C /* Base */ = {isa = PBXFileReference; lastKnownFileType = file.xib; name = Base; path = Base.lproj/LaunchScreen.xib; sourceTree = "<group>"; };
		4908F6E01A2E30180009883C /* ImageViewAnimationTests.xctest */ = {isa = PBXFileReference; explicitFileType = wrapper.cfbundle; includeInIndex = 0; path = ImageViewAnimationTests.xctest; sourceTree = BUILT_PRODUCTS_DIR; };
		4908F6E51A2E30180009883C /* Info.plist */ = {isa = PBXFileReference; lastKnownFileType = text.plist.xml; path = Info.plist; sourceTree = "<group>"; };
		4908F6E61A2E30180009883C /* ImageViewAnimationTests.m */ = {isa = PBXFileReference; lastKnownFileType = sourcecode.c.objc; path = ImageViewAnimationTests.m; sourceTree = "<group>"; };
		492324691A2FCFBE0081128F /* UIImageView+Animation.h */ = {isa = PBXFileReference; fileEncoding = 4; lastKnownFileType = sourcecode.c.h; path = "UIImageView+Animation.h"; sourceTree = "<group>"; };
		4923246A1A2FCFBE0081128F /* UIImageView+Animation.m */ = {isa = PBXFileReference; fileEncoding = 4; lastKnownFileType = sourcecode.c.objc; path = "UIImageView+Animation.m"; sourceTree = "<group>"; };
		4990EC341A2FB0E2002EF216 /* MKAnnotationView+WebCache.h */ = {isa = PBXFileReference; fileEncoding = 4; lastKnownFileType = sourcecode.c.h; path = "MKAnnotationView+WebCache.h"; sourceTree = "<group>"; };
		4990EC351A2FB0E2002EF216 /* MKAnnotationView+WebCache.m */ = {isa = PBXFileReference; fileEncoding = 4; lastKnownFileType = sourcecode.c.objc; path = "MKAnnotationView+WebCache.m"; sourceTree = "<group>"; };
		4990EC361A2FB0E2002EF216 /* NSData+ImageContentType.h */ = {isa = PBXFileReference; fileEncoding = 4; lastKnownFileType = sourcecode.c.h; path = "NSData+ImageContentType.h"; sourceTree = "<group>"; };
		4990EC371A2FB0E2002EF216 /* NSData+ImageContentType.m */ = {isa = PBXFileReference; fileEncoding = 4; lastKnownFileType = sourcecode.c.objc; path = "NSData+ImageContentType.m"; sourceTree = "<group>"; };
		4990EC381A2FB0E2002EF216 /* SDImageCache.h */ = {isa = PBXFileReference; fileEncoding = 4; lastKnownFileType = sourcecode.c.h; path = SDImageCache.h; sourceTree = "<group>"; };
		4990EC391A2FB0E2002EF216 /* SDImageCache.m */ = {isa = PBXFileReference; fileEncoding = 4; lastKnownFileType = sourcecode.c.objc; path = SDImageCache.m; sourceTree = "<group>"; };
		4990EC3A1A2FB0E2002EF216 /* SDWebImageCompat.h */ = {isa = PBXFileReference; fileEncoding = 4; lastKnownFileType = sourcecode.c.h; path = SDWebImageCompat.h; sourceTree = "<group>"; };
		4990EC3B1A2FB0E2002EF216 /* SDWebImageCompat.m */ = {isa = PBXFileReference; fileEncoding = 4; lastKnownFileType = sourcecode.c.objc; path = SDWebImageCompat.m; sourceTree = "<group>"; };
		4990EC3C1A2FB0E2002EF216 /* SDWebImageDecoder.h */ = {isa = PBXFileReference; fileEncoding = 4; lastKnownFileType = sourcecode.c.h; path = SDWebImageDecoder.h; sourceTree = "<group>"; };
		4990EC3D1A2FB0E2002EF216 /* SDWebImageDecoder.m */ = {isa = PBXFileReference; fileEncoding = 4; lastKnownFileType = sourcecode.c.objc; path = SDWebImageDecoder.m; sourceTree = "<group>"; };
		4990EC3E1A2FB0E2002EF216 /* SDWebImageDownloader.h */ = {isa = PBXFileReference; fileEncoding = 4; lastKnownFileType = sourcecode.c.h; path = SDWebImageDownloader.h; sourceTree = "<group>"; };
		4990EC3F1A2FB0E2002EF216 /* SDWebImageDownloader.m */ = {isa = PBXFileReference; fileEncoding = 4; lastKnownFileType = sourcecode.c.objc; path = SDWebImageDownloader.m; sourceTree = "<group>"; };
		4990EC401A2FB0E2002EF216 /* SDWebImageDownloaderOperation.h */ = {isa = PBXFileReference; fileEncoding = 4; lastKnownFileType = sourcecode.c.h; path = SDWebImageDownloaderOperation.h; sourceTree = "<group>"; };
		4990EC411A2FB0E2002EF216 /* SDWebImageDownloaderOperation.m */ = {isa = PBXFileReference; fileEncoding = 4; lastKnownFileType = sourcecode.c.objc; path = SDWebImageDownloaderOperation.m; sourceTree = "<group>"; };
		4990EC421A2FB0E2002EF216 /* SDWebImageManager.h */ = {isa = PBXFileReference; fileEncoding = 4; lastKnownFileType = sourcecode.c.h; path = SDWebImageManager.h; sourceTree = "<group>"; };
		4990EC431A2FB0E2002EF216 /* SDWebImageManager.m */ = {isa = PBXFileReference; fileEncoding = 4; lastKnownFileType = sourcecode.c.objc; path = SDWebImageManager.m; sourceTree = "<group>"; };
		4990EC441A2FB0E2002EF216 /* SDWebImageOperation.h */ = {isa = PBXFileReference; fileEncoding = 4; lastKnownFileType = sourcecode.c.h; path = SDWebImageOperation.h; sourceTree = "<group>"; };
		4990EC451A2FB0E2002EF216 /* SDWebImagePrefetcher.h */ = {isa = PBXFileReference; fileEncoding = 4; lastKnownFileType = sourcecode.c.h; path = SDWebImagePrefetcher.h; sourceTree = "<group>"; };
		4990EC461A2FB0E2002EF216 /* SDWebImagePrefetcher.m */ = {isa = PBXFileReference; fileEncoding = 4; lastKnownFileType = sourcecode.c.objc; path = SDWebImagePrefetcher.m; sourceTree = "<group>"; };
		4990EC471A2FB0E2002EF216 /* UIButton+WebCache.h */ = {isa = PBXFileReference; fileEncoding = 4; lastKnownFileType = sourcecode.c.h; path = "UIButton+WebCache.h"; sourceTree = "<group>"; };
		4990EC481A2FB0E2002EF216 /* UIButton+WebCache.m */ = {isa = PBXFileReference; fileEncoding = 4; lastKnownFileType = sourcecode.c.objc; path = "UIButton+WebCache.m"; sourceTree = "<group>"; };
		4990EC491A2FB0E2002EF216 /* UIImage+GIF.h */ = {isa = PBXFileReference; fileEncoding = 4; lastKnownFileType = sourcecode.c.h; path = "UIImage+GIF.h"; sourceTree = "<group>"; };
		4990EC4A1A2FB0E2002EF216 /* UIImage+GIF.m */ = {isa = PBXFileReference; fileEncoding = 4; lastKnownFileType = sourcecode.c.objc; path = "UIImage+GIF.m"; sourceTree = "<group>"; };
		4990EC4B1A2FB0E2002EF216 /* UIImage+MultiFormat.h */ = {isa = PBXFileReference; fileEncoding = 4; lastKnownFileType = sourcecode.c.h; path = "UIImage+MultiFormat.h"; sourceTree = "<group>"; };
		4990EC4C1A2FB0E2002EF216 /* UIImage+MultiFormat.m */ = {isa = PBXFileReference; fileEncoding = 4; lastKnownFileType = sourcecode.c.objc; path = "UIImage+MultiFormat.m"; sourceTree = "<group>"; };
		4990EC4D1A2FB0E2002EF216 /* UIImage+WebP.h */ = {isa = PBXFileReference; fileEncoding = 4; lastKnownFileType = sourcecode.c.h; path = "UIImage+WebP.h"; sourceTree = "<group>"; };
		4990EC4E1A2FB0E2002EF216 /* UIImage+WebP.m */ = {isa = PBXFileReference; fileEncoding = 4; lastKnownFileType = sourcecode.c.objc; path = "UIImage+WebP.m"; sourceTree = "<group>"; };
		4990EC4F1A2FB0E2002EF216 /* UIImageView+HighlightedWebCache.h */ = {isa = PBXFileReference; fileEncoding = 4; lastKnownFileType = sourcecode.c.h; path = "UIImageView+HighlightedWebCache.h"; sourceTree = "<group>"; };
		4990EC501A2FB0E2002EF216 /* UIImageView+HighlightedWebCache.m */ = {isa = PBXFileReference; fileEncoding = 4; lastKnownFileType = sourcecode.c.objc; path = "UIImageView+HighlightedWebCache.m"; sourceTree = "<group>"; };
		4990EC511A2FB0E2002EF216 /* UIImageView+WebCache.h */ = {isa = PBXFileReference; fileEncoding = 4; lastKnownFileType = sourcecode.c.h; path = "UIImageView+WebCache.h"; sourceTree = "<group>"; };
		4990EC521A2FB0E2002EF216 /* UIImageView+WebCache.m */ = {isa = PBXFileReference; fileEncoding = 4; lastKnownFileType = sourcecode.c.objc; path = "UIImageView+WebCache.m"; sourceTree = "<group>"; };
		4990EC531A2FB0E2002EF216 /* UIView+WebCacheOperation.h */ = {isa = PBXFileReference; fileEncoding = 4; lastKnownFileType = sourcecode.c.h; path = "UIView+WebCacheOperation.h"; sourceTree = "<group>"; };
		4990EC541A2FB0E2002EF216 /* UIView+WebCacheOperation.m */ = {isa = PBXFileReference; fileEncoding = 4; lastKnownFileType = sourcecode.c.objc; path = "UIView+WebCacheOperation.m"; sourceTree = "<group>"; };
/* End PBXFileReference section */

/* Begin PBXFrameworksBuildPhase section */
		4908F6C41A2E30180009883C /* Frameworks */ = {
			isa = PBXFrameworksBuildPhase;
			buildActionMask = 2147483647;
			files = (
			);
			runOnlyForDeploymentPostprocessing = 0;
		};
		4908F6DD1A2E30180009883C /* Frameworks */ = {
			isa = PBXFrameworksBuildPhase;
			buildActionMask = 2147483647;
			files = (
			);
			runOnlyForDeploymentPostprocessing = 0;
		};
/* End PBXFrameworksBuildPhase section */

/* Begin PBXGroup section */
		4908F6BE1A2E30170009883C = {
			isa = PBXGroup;
			children = (
				4908F6C91A2E30180009883C /* ImageViewAnimation */,
				4908F6E31A2E30180009883C /* ImageViewAnimationTests */,
				4908F6C81A2E30180009883C /* Products */,
			);
			sourceTree = "<group>";
		};
		4908F6C81A2E30180009883C /* Products */ = {
			isa = PBXGroup;
			children = (
				4908F6C71A2E30180009883C /* ImageViewAnimation.app */,
				4908F6E01A2E30180009883C /* ImageViewAnimationTests.xctest */,
			);
			name = Products;
			sourceTree = "<group>";
		};
		4908F6C91A2E30180009883C /* ImageViewAnimation */ = {
			isa = PBXGroup;
			children = (
				4990EC321A2FB0C8002EF216 /* Modules */,
				4908F6CE1A2E30180009883C /* AppDelegate.h */,
				4908F6CF1A2E30180009883C /* AppDelegate.m */,
				4908F6D11A2E30180009883C /* ViewController.h */,
				4908F6D21A2E30180009883C /* ViewController.m */,
				492324691A2FCFBE0081128F /* UIImageView+Animation.h */,
				4923246A1A2FCFBE0081128F /* UIImageView+Animation.m */,
				4908F6D41A2E30180009883C /* Main.storyboard */,
				4908F6D71A2E30180009883C /* Images.xcassets */,
				4908F6D91A2E30180009883C /* LaunchScreen.xib */,
				4908F6CA1A2E30180009883C /* Supporting Files */,
			);
			path = ImageViewAnimation;
			sourceTree = "<group>";
		};
		4908F6CA1A2E30180009883C /* Supporting Files */ = {
			isa = PBXGroup;
			children = (
				4908F6CB1A2E30180009883C /* Info.plist */,
				4908F6CC1A2E30180009883C /* main.m */,
			);
			name = "Supporting Files";
			sourceTree = "<group>";
		};
		4908F6E31A2E30180009883C /* ImageViewAnimationTests */ = {
			isa = PBXGroup;
			children = (
				4908F6E61A2E30180009883C /* ImageViewAnimationTests.m */,
				4908F6E41A2E30180009883C /* Supporting Files */,
			);
			path = ImageViewAnimationTests;
			sourceTree = "<group>";
		};
		4908F6E41A2E30180009883C /* Supporting Files */ = {
			isa = PBXGroup;
			children = (
				4908F6E51A2E30180009883C /* Info.plist */,
			);
			name = "Supporting Files";
			sourceTree = "<group>";
		};
		4990EC321A2FB0C8002EF216 /* Modules */ = {
			isa = PBXGroup;
			children = (
				4990EC331A2FB0E2002EF216 /* SDWebImage */,
			);
			name = Modules;
			sourceTree = "<group>";
		};
		4990EC331A2FB0E2002EF216 /* SDWebImage */ = {
			isa = PBXGroup;
			children = (
				4990EC341A2FB0E2002EF216 /* MKAnnotationView+WebCache.h */,
				4990EC351A2FB0E2002EF216 /* MKAnnotationView+WebCache.m */,
				4990EC361A2FB0E2002EF216 /* NSData+ImageContentType.h */,
				4990EC371A2FB0E2002EF216 /* NSData+ImageContentType.m */,
				4990EC381A2FB0E2002EF216 /* SDImageCache.h */,
				4990EC391A2FB0E2002EF216 /* SDImageCache.m */,
				4990EC3A1A2FB0E2002EF216 /* SDWebImageCompat.h */,
				4990EC3B1A2FB0E2002EF216 /* SDWebImageCompat.m */,
				4990EC3C1A2FB0E2002EF216 /* SDWebImageDecoder.h */,
				4990EC3D1A2FB0E2002EF216 /* SDWebImageDecoder.m */,
				4990EC3E1A2FB0E2002EF216 /* SDWebImageDownloader.h */,
				4990EC3F1A2FB0E2002EF216 /* SDWebImageDownloader.m */,
				4990EC401A2FB0E2002EF216 /* SDWebImageDownloaderOperation.h */,
				4990EC411A2FB0E2002EF216 /* SDWebImageDownloaderOperation.m */,
				4990EC421A2FB0E2002EF216 /* SDWebImageManager.h */,
				4990EC431A2FB0E2002EF216 /* SDWebImageManager.m */,
				4990EC441A2FB0E2002EF216 /* SDWebImageOperation.h */,
				4990EC451A2FB0E2002EF216 /* SDWebImagePrefetcher.h */,
				4990EC461A2FB0E2002EF216 /* SDWebImagePrefetcher.m */,
				4990EC471A2FB0E2002EF216 /* UIButton+WebCache.h */,
				4990EC481A2FB0E2002EF216 /* UIButton+WebCache.m */,
				4990EC491A2FB0E2002EF216 /* UIImage+GIF.h */,
				4990EC4A1A2FB0E2002EF216 /* UIImage+GIF.m */,
				4990EC4B1A2FB0E2002EF216 /* UIImage+MultiFormat.h */,
				4990EC4C1A2FB0E2002EF216 /* UIImage+MultiFormat.m */,
				4990EC4D1A2FB0E2002EF216 /* UIImage+WebP.h */,
				4990EC4E1A2FB0E2002EF216 /* UIImage+WebP.m */,
				4990EC4F1A2FB0E2002EF216 /* UIImageView+HighlightedWebCache.h */,
				4990EC501A2FB0E2002EF216 /* UIImageView+HighlightedWebCache.m */,
				4990EC511A2FB0E2002EF216 /* UIImageView+WebCache.h */,
				4990EC521A2FB0E2002EF216 /* UIImageView+WebCache.m */,
				4990EC531A2FB0E2002EF216 /* UIView+WebCacheOperation.h */,
				4990EC541A2FB0E2002EF216 /* UIView+WebCacheOperation.m */,
			);
			name = SDWebImage;
			path = SDWebImage/SDWebImage;
			sourceTree = SOURCE_ROOT;
		};
/* End PBXGroup section */

/* Begin PBXNativeTarget section */
		4908F6C61A2E30180009883C /* ImageViewAnimation */ = {
			isa = PBXNativeTarget;
			buildConfigurationList = 4908F6EA1A2E30180009883C /* Build configuration list for PBXNativeTarget "ImageViewAnimation" */;
			buildPhases = (
				4908F6C31A2E30180009883C /* Sources */,
				4908F6C41A2E30180009883C /* Frameworks */,
				4908F6C51A2E30180009883C /* Resources */,
			);
			buildRules = (
			);
			dependencies = (
			);
			name = ImageViewAnimation;
			productName = ImageViewAnimation;
			productReference = 4908F6C71A2E30180009883C /* ImageViewAnimation.app */;
			productType = "com.apple.product-type.application";
		};
		4908F6DF1A2E30180009883C /* ImageViewAnimationTests */ = {
			isa = PBXNativeTarget;
			buildConfigurationList = 4908F6ED1A2E30180009883C /* Build configuration list for PBXNativeTarget "ImageViewAnimationTests" */;
			buildPhases = (
				4908F6DC1A2E30180009883C /* Sources */,
				4908F6DD1A2E30180009883C /* Frameworks */,
				4908F6DE1A2E30180009883C /* Resources */,
			);
			buildRules = (
			);
			dependencies = (
				4908F6E21A2E30180009883C /* PBXTargetDependency */,
			);
			name = ImageViewAnimationTests;
			productName = ImageViewAnimationTests;
			productReference = 4908F6E01A2E30180009883C /* ImageViewAnimationTests.xctest */;
			productType = "com.apple.product-type.bundle.unit-test";
		};
/* End PBXNativeTarget section */

/* Begin PBXProject section */
		4908F6BF1A2E30170009883C /* Project object */ = {
			isa = PBXProject;
			attributes = {
				LastUpgradeCheck = 0610;
				ORGANIZATIONNAME = Felginep;
				TargetAttributes = {
					4908F6C61A2E30180009883C = {
						CreatedOnToolsVersion = 6.1;
					};
					4908F6DF1A2E30180009883C = {
						CreatedOnToolsVersion = 6.1;
						TestTargetID = 4908F6C61A2E30180009883C;
					};
				};
			};
			buildConfigurationList = 4908F6C21A2E30170009883C /* Build configuration list for PBXProject "ImageViewAnimation" */;
			compatibilityVersion = "Xcode 3.2";
			developmentRegion = English;
			hasScannedForEncodings = 0;
			knownRegions = (
				en,
				Base,
			);
			mainGroup = 4908F6BE1A2E30170009883C;
			productRefGroup = 4908F6C81A2E30180009883C /* Products */;
			projectDirPath = "";
			projectRoot = "";
			targets = (
				4908F6C61A2E30180009883C /* ImageViewAnimation */,
				4908F6DF1A2E30180009883C /* ImageViewAnimationTests */,
			);
		};
/* End PBXProject section */

/* Begin PBXResourcesBuildPhase section */
		4908F6C51A2E30180009883C /* Resources */ = {
			isa = PBXResourcesBuildPhase;
			buildActionMask = 2147483647;
			files = (
				4908F6D61A2E30180009883C /* Main.storyboard in Resources */,
				4908F6DB1A2E30180009883C /* LaunchScreen.xib in Resources */,
				4908F6D81A2E30180009883C /* Images.xcassets in Resources */,
			);
			runOnlyForDeploymentPostprocessing = 0;
		};
		4908F6DE1A2E30180009883C /* Resources */ = {
			isa = PBXResourcesBuildPhase;
			buildActionMask = 2147483647;
			files = (
			);
			runOnlyForDeploymentPostprocessing = 0;
		};
/* End PBXResourcesBuildPhase section */

/* Begin PBXSourcesBuildPhase section */
		4908F6C31A2E30180009883C /* Sources */ = {
			isa = PBXSourcesBuildPhase;
			buildActionMask = 2147483647;
			files = (
				4990EC621A2FB0E2002EF216 /* UIImageView+HighlightedWebCache.m in Sources */,
				4990EC601A2FB0E2002EF216 /* UIImage+MultiFormat.m in Sources */,
				4990EC5B1A2FB0E2002EF216 /* SDWebImageDownloaderOperation.m in Sources */,
				4908F6D31A2E30180009883C /* ViewController.m in Sources */,
				4923246B1A2FCFBE0081128F /* UIImageView+Animation.m in Sources */,
				4990EC581A2FB0E2002EF216 /* SDWebImageCompat.m in Sources */,
				4990EC5F1A2FB0E2002EF216 /* UIImage+GIF.m in Sources */,
				4990EC5D1A2FB0E2002EF216 /* SDWebImagePrefetcher.m in Sources */,
				4908F6D01A2E30180009883C /* AppDelegate.m in Sources */,
				4990EC611A2FB0E2002EF216 /* UIImage+WebP.m in Sources */,
				4990EC631A2FB0E2002EF216 /* UIImageView+WebCache.m in Sources */,
				4990EC5A1A2FB0E2002EF216 /* SDWebImageDownloader.m in Sources */,
				4990EC641A2FB0E2002EF216 /* UIView+WebCacheOperation.m in Sources */,
				4990EC5E1A2FB0E2002EF216 /* UIButton+WebCache.m in Sources */,
				4990EC551A2FB0E2002EF216 /* MKAnnotationView+WebCache.m in Sources */,
				4990EC561A2FB0E2002EF216 /* NSData+ImageContentType.m in Sources */,
				4908F6CD1A2E30180009883C /* main.m in Sources */,
				4990EC5C1A2FB0E2002EF216 /* SDWebImageManager.m in Sources */,
				4990EC591A2FB0E2002EF216 /* SDWebImageDecoder.m in Sources */,
				4990EC571A2FB0E2002EF216 /* SDImageCache.m in Sources */,
			);
			runOnlyForDeploymentPostprocessing = 0;
		};
		4908F6DC1A2E30180009883C /* Sources */ = {
			isa = PBXSourcesBuildPhase;
			buildActionMask = 2147483647;
			files = (
				4908F6E71A2E30180009883C /* ImageViewAnimationTests.m in Sources */,
			);
			runOnlyForDeploymentPostprocessing = 0;
		};
/* End PBXSourcesBuildPhase section */

/* Begin PBXTargetDependency section */
		4908F6E21A2E30180009883C /* PBXTargetDependency */ = {
			isa = PBXTargetDependency;
			target = 4908F6C61A2E30180009883C /* ImageViewAnimation */;
			targetProxy = 4908F6E11A2E30180009883C /* PBXContainerItemProxy */;
		};
/* End PBXTargetDependency section */

/* Begin PBXVariantGroup section */
		4908F6D41A2E30180009883C /* Main.storyboard */ = {
			isa = PBXVariantGroup;
			children = (
				4908F6D51A2E30180009883C /* Base */,
			);
			name = Main.storyboard;
			sourceTree = "<group>";
		};
		4908F6D91A2E30180009883C /* LaunchScreen.xib */ = {
			isa = PBXVariantGroup;
			children = (
				4908F6DA1A2E30180009883C /* Base */,
			);
			name = LaunchScreen.xib;
			sourceTree = "<group>";
		};
/* End PBXVariantGroup section */

/* Begin XCBuildConfiguration section */
		4908F6E81A2E30180009883C /* Debug */ = {
			isa = XCBuildConfiguration;
			buildSettings = {
				ALWAYS_SEARCH_USER_PATHS = NO;
				CLANG_CXX_LANGUAGE_STANDARD = "gnu++0x";
				CLANG_CXX_LIBRARY = "libc++";
				CLANG_ENABLE_MODULES = YES;
				CLANG_ENABLE_OBJC_ARC = YES;
				CLANG_WARN_BOOL_CONVERSION = YES;
				CLANG_WARN_CONSTANT_CONVERSION = YES;
				CLANG_WARN_DIRECT_OBJC_ISA_USAGE = YES_ERROR;
				CLANG_WARN_EMPTY_BODY = YES;
				CLANG_WARN_ENUM_CONVERSION = YES;
				CLANG_WARN_INT_CONVERSION = YES;
				CLANG_WARN_OBJC_ROOT_CLASS = YES_ERROR;
				CLANG_WARN_UNREACHABLE_CODE = YES;
				CLANG_WARN__DUPLICATE_METHOD_MATCH = YES;
				"CODE_SIGN_IDENTITY[sdk=iphoneos*]" = "iPhone Developer";
				COPY_PHASE_STRIP = NO;
				ENABLE_STRICT_OBJC_MSGSEND = YES;
				GCC_C_LANGUAGE_STANDARD = gnu99;
				GCC_DYNAMIC_NO_PIC = NO;
				GCC_OPTIMIZATION_LEVEL = 0;
				GCC_PREPROCESSOR_DEFINITIONS = (
					"DEBUG=1",
					"$(inherited)",
				);
				GCC_SYMBOLS_PRIVATE_EXTERN = NO;
				GCC_WARN_64_TO_32_BIT_CONVERSION = YES;
				GCC_WARN_ABOUT_RETURN_TYPE = YES_ERROR;
				GCC_WARN_UNDECLARED_SELECTOR = YES;
				GCC_WARN_UNINITIALIZED_AUTOS = YES_AGGRESSIVE;
				GCC_WARN_UNUSED_FUNCTION = YES;
				GCC_WARN_UNUSED_VARIABLE = YES;
				IPHONEOS_DEPLOYMENT_TARGET = 8.1;
				MTL_ENABLE_DEBUG_INFO = YES;
				ONLY_ACTIVE_ARCH = YES;
				SDKROOT = iphoneos;
			};
			name = Debug;
		};
		4908F6E91A2E30180009883C /* Release */ = {
			isa = XCBuildConfiguration;
			buildSettings = {
				ALWAYS_SEARCH_USER_PATHS = NO;
				CLANG_CXX_LANGUAGE_STANDARD = "gnu++0x";
				CLANG_CXX_LIBRARY = "libc++";
				CLANG_ENABLE_MODULES = YES;
				CLANG_ENABLE_OBJC_ARC = YES;
				CLANG_WARN_BOOL_CONVERSION = YES;
				CLANG_WARN_CONSTANT_CONVERSION = YES;
				CLANG_WARN_DIRECT_OBJC_ISA_USAGE = YES_ERROR;
				CLANG_WARN_EMPTY_BODY = YES;
				CLANG_WARN_ENUM_CONVERSION = YES;
				CLANG_WARN_INT_CONVERSION = YES;
				CLANG_WARN_OBJC_ROOT_CLASS = YES_ERROR;
				CLANG_WARN_UNREACHABLE_CODE = YES;
				CLANG_WARN__DUPLICATE_METHOD_MATCH = YES;
				"CODE_SIGN_IDENTITY[sdk=iphoneos*]" = "iPhone Developer";
				COPY_PHASE_STRIP = YES;
				ENABLE_NS_ASSERTIONS = NO;
				ENABLE_STRICT_OBJC_MSGSEND = YES;
				GCC_C_LANGUAGE_STANDARD = gnu99;
				GCC_WARN_64_TO_32_BIT_CONVERSION = YES;
				GCC_WARN_ABOUT_RETURN_TYPE = YES_ERROR;
				GCC_WARN_UNDECLARED_SELECTOR = YES;
				GCC_WARN_UNINITIALIZED_AUTOS = YES_AGGRESSIVE;
				GCC_WARN_UNUSED_FUNCTION = YES;
				GCC_WARN_UNUSED_VARIABLE = YES;
				IPHONEOS_DEPLOYMENT_TARGET = 8.1;
				MTL_ENABLE_DEBUG_INFO = NO;
				SDKROOT = iphoneos;
				VALIDATE_PRODUCT = YES;
			};
			name = Release;
		};
		4908F6EB1A2E30180009883C /* Debug */ = {
			isa = XCBuildConfiguration;
			buildSettings = {
				ASSETCATALOG_COMPILER_APPICON_NAME = AppIcon;
				INFOPLIST_FILE = ImageViewAnimation/Info.plist;
				IPHONEOS_DEPLOYMENT_TARGET = 7.0;
				LD_RUNPATH_SEARCH_PATHS = "$(inherited) @executable_path/Frameworks";
				PRODUCT_NAME = "$(TARGET_NAME)";
			};
			name = Debug;
		};
		4908F6EC1A2E30180009883C /* Release */ = {
			isa = XCBuildConfiguration;
			buildSettings = {
				ASSETCATALOG_COMPILER_APPICON_NAME = AppIcon;
				INFOPLIST_FILE = ImageViewAnimation/Info.plist;
				IPHONEOS_DEPLOYMENT_TARGET = 7.0;
				LD_RUNPATH_SEARCH_PATHS = "$(inherited) @executable_path/Frameworks";
				PRODUCT_NAME = "$(TARGET_NAME)";
			};
			name = Release;
		};
		4908F6EE1A2E30180009883C /* Debug */ = {
			isa = XCBuildConfiguration;
			buildSettings = {
				BUNDLE_LOADER = "$(TEST_HOST)";
				FRAMEWORK_SEARCH_PATHS = (
					"$(SDKROOT)/Developer/Library/Frameworks",
					"$(inherited)",
				);
				GCC_PREPROCESSOR_DEFINITIONS = (
					"DEBUG=1",
					"$(inherited)",
				);
				INFOPLIST_FILE = ImageViewAnimationTests/Info.plist;
				LD_RUNPATH_SEARCH_PATHS = "$(inherited) @executable_path/Frameworks @loader_path/Frameworks";
				PRODUCT_NAME = "$(TARGET_NAME)";
				TEST_HOST = "$(BUILT_PRODUCTS_DIR)/ImageViewAnimation.app/ImageViewAnimation";
			};
			name = Debug;
		};
		4908F6EF1A2E30180009883C /* Release */ = {
			isa = XCBuildConfiguration;
			buildSettings = {
				BUNDLE_LOADER = "$(TEST_HOST)";
				FRAMEWORK_SEARCH_PATHS = (
					"$(SDKROOT)/Developer/Library/Frameworks",
					"$(inherited)",
				);
				INFOPLIST_FILE = ImageViewAnimationTests/Info.plist;
				LD_RUNPATH_SEARCH_PATHS = "$(inherited) @executable_path/Frameworks @loader_path/Frameworks";
				PRODUCT_NAME = "$(TARGET_NAME)";
				TEST_HOST = "$(BUILT_PRODUCTS_DIR)/ImageViewAnimation.app/ImageViewAnimation";
			};
			name = Release;
		};
/* End XCBuildConfiguration section */

/* Begin XCConfigurationList section */
		4908F6C21A2E30170009883C /* Build configuration list for PBXProject "ImageViewAnimation" */ = {
			isa = XCConfigurationList;
			buildConfigurations = (
				4908F6E81A2E30180009883C /* Debug */,
				4908F6E91A2E30180009883C /* Release */,
			);
			defaultConfigurationIsVisible = 0;
			defaultConfigurationName = Release;
		};
		4908F6EA1A2E30180009883C /* Build configuration list for PBXNativeTarget "ImageViewAnimation" */ = {
			isa = XCConfigurationList;
			buildConfigurations = (
				4908F6EB1A2E30180009883C /* Debug */,
				4908F6EC1A2E30180009883C /* Release */,
			);
			defaultConfigurationIsVisible = 0;
			defaultConfigurationName = Release;
		};
		4908F6ED1A2E30180009883C /* Build configuration list for PBXNativeTarget "ImageViewAnimationTests" */ = {
			isa = XCConfigurationList;
			buildConfigurations = (
				4908F6EE1A2E30180009883C /* Debug */,
				4908F6EF1A2E30180009883C /* Release */,
			);
			defaultConfigurationIsVisible = 0;
			defaultConfigurationName = Release;
		};
/* End XCConfigurationList section */
	};
	rootObject = 4908F6BF1A2E30170009883C /* Project object */;
}
